
Microsoft Visual Studio Solution File, Format Version 12.00
# Visual Studio Version 17
VisualStudioVersion = 17.11.35222.181
MinimumVisualStudioVersion = 10.0.40219.1
Project("{FAE04EC0-301F-11D3-BF4B-00C04F79EFBC}") = "Hash_Table", "Hash_Table\Hash_Table.csproj", "{AB791542-CC49-4D3E-951E-3D0B89532FA9}"
EndProject
Global
	GlobalSection(SolutionConfigurationPlatforms) = preSolution
		Debug|Any CPU = Debug|Any CPU
		Release|Any CPU = Release|Any CPU
	EndGlobalSection
	GlobalSection(ProjectConfigurationPlatforms) = postSolution
		{AB791542-CC49-4D3E-951E-3D0B89532FA9}.Debug|Any CPU.ActiveCfg = Debug|Any CPU
		{AB791542-CC49-4D3E-951E-3D0B89532FA9}.Debug|Any CPU.Build.0 = Debug|Any CPU
		{AB791542-CC49-4D3E-951E-3D0B89532FA9}.Release|Any CPU.ActiveCfg = Release|Any CPU
		{AB791542-CC49-4D3E-951E-3D0B89532FA9}.Release|Any CPU.Build.0 = Release|Any CPU
	EndGlobalSection
	GlobalSection(SolutionProperties) = preSolution
		HideSolutionNode = FALSE
	EndGlobalSection
	GlobalSection(ExtensibilityGlobals) = postSolution
		SolutionGuid = {D3647E57-DA63-4C94-82F9-09558F06C28B}
	EndGlobalSection
EndGlobal
